
Microsoft Visual Studio Solution File, Format Version 12.00
# Visual Studio Version 16
VisualStudioVersion = 16.0.31624.102
MinimumVisualStudioVersion = 10.0.40219.1
Project("{FAE04EC0-301F-11D3-BF4B-00C04F79EFBC}") = "Server", "Server\Server.csproj", "{D1DCCFBE-AFAE-4725-98DE-A13EAD4CE1BD}"
EndProject
Project("{FAE04EC0-301F-11D3-BF4B-00C04F79EFBC}") = "Client1", "Client1\Client1.csproj", "{A80256D7-5694-4B15-8658-6095CAD2E99E}"
EndProject
Global
	GlobalSection(SolutionConfigurationPlatforms) = preSolution
		Debug|Any CPU = Debug|Any CPU
		Release|Any CPU = Release|Any CPU
	EndGlobalSection
	GlobalSection(ProjectConfigurationPlatforms) = postSolution
		{D1DCCFBE-AFAE-4725-98DE-A13EAD4CE1BD}.Debug|Any CPU.ActiveCfg = Debug|Any CPU
		{D1DCCFBE-AFAE-4725-98DE-A13EAD4CE1BD}.Debug|Any CPU.Build.0 = Debug|Any CPU
		{D1DCCFBE-AFAE-4725-98DE-A13EAD4CE1BD}.Release|Any CPU.ActiveCfg = Release|Any CPU
		{D1DCCFBE-AFAE-4725-98DE-A13EAD4CE1BD}.Release|Any CPU.Build.0 = Release|Any CPU
		{A80256D7-5694-4B15-8658-6095CAD2E99E}.Debug|Any CPU.ActiveCfg = Debug|Any CPU
		{A80256D7-5694-4B15-8658-6095CAD2E99E}.Debug|Any CPU.Build.0 = Debug|Any CPU
		{A80256D7-5694-4B15-8658-6095CAD2E99E}.Release|Any CPU.ActiveCfg = Release|Any CPU
		{A80256D7-5694-4B15-8658-6095CAD2E99E}.Release|Any CPU.Build.0 = Release|Any CPU
	EndGlobalSection
	GlobalSection(SolutionProperties) = preSolution
		HideSolutionNode = FALSE
	EndGlobalSection
	GlobalSection(ExtensibilityGlobals) = postSolution
		SolutionGuid = {5471B891-B5D0-47A2-87F2-0974C99B030E}
	EndGlobalSection
EndGlobal
